
Microsoft Visual Studio Solution File, Format Version 12.00
# Visual Studio Version 16
VisualStudioVersion = 16.0.32413.511
MinimumVisualStudioVersion = 10.0.40219.1
Project("{9A19103F-16F7-4668-BE54-9A1E7A4F7556}") = "Core_Proje", "Core_Proje\Core_Proje.csproj", "{EE71A603-656F-42C9-A9AD-3B2D3F49A6F4}"
EndProject
Project("{9A19103F-16F7-4668-BE54-9A1E7A4F7556}") = "BusinessLayer", "BusinessLayer\BusinessLayer.csproj", "{D4832870-93CB-4123-BD9E-0E3F3225E83A}"
EndProject
Project("{9A19103F-16F7-4668-BE54-9A1E7A4F7556}") = "DataAccessLayer", "DataAccessLayer\DataAccessLayer.csproj", "{92F07950-F5F1-46E1-B164-A87FC5DE08E1}"
EndProject
Project("{9A19103F-16F7-4668-BE54-9A1E7A4F7556}") = "EntityLayer", "EntityLayer\EntityLayer.csproj", "{CF9873F3-684D-4BA1-BE6B-E9717813F38C}"
EndProject
Project("{FAE04EC0-301F-11D3-BF4B-00C04F79EFBC}") = "Core_Proje_Api", "Core_Proje_Api\Core_Proje_Api.csproj", "{16901453-0096-4328-B7A8-E12979107317}"
EndProject
Global
	GlobalSection(SolutionConfigurationPlatforms) = preSolution
		Debug|Any CPU = Debug|Any CPU
		Release|Any CPU = Release|Any CPU
	EndGlobalSection
	GlobalSection(ProjectConfigurationPlatforms) = postSolution
		{EE71A603-656F-42C9-A9AD-3B2D3F49A6F4}.Debug|Any CPU.ActiveCfg = Debug|Any CPU
		{EE71A603-656F-42C9-A9AD-3B2D3F49A6F4}.Debug|Any CPU.Build.0 = Debug|Any CPU
		{EE71A603-656F-42C9-A9AD-3B2D3F49A6F4}.Release|Any CPU.ActiveCfg = Release|Any CPU
		{EE71A603-656F-42C9-A9AD-3B2D3F49A6F4}.Release|Any CPU.Build.0 = Release|Any CPU
		{D4832870-93CB-4123-BD9E-0E3F3225E83A}.Debug|Any CPU.ActiveCfg = Debug|Any CPU
		{D4832870-93CB-4123-BD9E-0E3F3225E83A}.Debug|Any CPU.Build.0 = Debug|Any CPU
		{D4832870-93CB-4123-BD9E-0E3F3225E83A}.Release|Any CPU.ActiveCfg = Release|Any CPU
		{D4832870-93CB-4123-BD9E-0E3F3225E83A}.Release|Any CPU.Build.0 = Release|Any CPU
		{92F07950-F5F1-46E1-B164-A87FC5DE08E1}.Debug|Any CPU.ActiveCfg = Debug|Any CPU
		{92F07950-F5F1-46E1-B164-A87FC5DE08E1}.Debug|Any CPU.Build.0 = Debug|Any CPU
		{92F07950-F5F1-46E1-B164-A87FC5DE08E1}.Release|Any CPU.ActiveCfg = Release|Any CPU
		{92F07950-F5F1-46E1-B164-A87FC5DE08E1}.Release|Any CPU.Build.0 = Release|Any CPU
		{CF9873F3-684D-4BA1-BE6B-E9717813F38C}.Debug|Any CPU.ActiveCfg = Debug|Any CPU
		{CF9873F3-684D-4BA1-BE6B-E9717813F38C}.Debug|Any CPU.Build.0 = Debug|Any CPU
		{CF9873F3-684D-4BA1-BE6B-E9717813F38C}.Release|Any CPU.ActiveCfg = Release|Any CPU
		{CF9873F3-684D-4BA1-BE6B-E9717813F38C}.Release|Any CPU.Build.0 = Release|Any CPU
		{16901453-0096-4328-B7A8-E12979107317}.Debug|Any CPU.ActiveCfg = Debug|Any CPU
		{16901453-0096-4328-B7A8-E12979107317}.Debug|Any CPU.Build.0 = Debug|Any CPU
		{16901453-0096-4328-B7A8-E12979107317}.Release|Any CPU.ActiveCfg = Release|Any CPU
		{16901453-0096-4328-B7A8-E12979107317}.Release|Any CPU.Build.0 = Release|Any CPU
	EndGlobalSection
	GlobalSection(SolutionProperties) = preSolution
		HideSolutionNode = FALSE
	EndGlobalSection
	GlobalSection(ExtensibilityGlobals) = postSolution
		SolutionGuid = {2EBD1F72-566A-4F83-AFB5-1C4A175E976C}
	EndGlobalSection
EndGlobal
